
Microsoft Visual Studio Solution File, Format Version 12.00
# Visual Studio 2012
Project("{FAE04EC0-301F-11D3-BF4B-00C04F79EFBC}") = "MonoGame-StackRipoff", "MonoGame-StackRipoff\MonoGame-StackRipoff.csproj", "{F569ABA6-2591-480B-A617-DB185C90D1D2}"
EndProject
Project("{2150E333-8FDC-42A3-9474-1A3956D46DE8}") = "Solution Items", "Solution Items", "{B1FB9231-09A1-4958-B5B5-C5563EB1C424}"
	ProjectSection(SolutionItems) = preProject
		README.md = README.md
	EndProjectSection
EndProject
Project("{FAE04EC0-301F-11D3-BF4B-00C04F79EFBC}") = "UnitTests", "UnitTests\UnitTests.csproj", "{0BBB595E-4811-408A-89B1-2194025A0D75}"
EndProject
Project("{FAE04EC0-301F-11D3-BF4B-00C04F79EFBC}") = "VisualTests", "VisualTests\VisualTests.csproj", "{AD7CC34A-AF0B-43E0-B76A-B2958DC6C2D0}"
EndProject
Global
	GlobalSection(SolutionConfigurationPlatforms) = preSolution
		Debug|Any CPU = Debug|Any CPU
		Debug|Mixed Platforms = Debug|Mixed Platforms
		Debug|x86 = Debug|x86
		Release|Any CPU = Release|Any CPU
		Release|Mixed Platforms = Release|Mixed Platforms
		Release|x86 = Release|x86
	EndGlobalSection
	GlobalSection(ProjectConfigurationPlatforms) = postSolution
		{F569ABA6-2591-480B-A617-DB185C90D1D2}.Debug|Any CPU.ActiveCfg = Debug|x86
		{F569ABA6-2591-480B-A617-DB185C90D1D2}.Debug|Mixed Platforms.ActiveCfg = Debug|x86
		{F569ABA6-2591-480B-A617-DB185C90D1D2}.Debug|Mixed Platforms.Build.0 = Debug|x86
		{F569ABA6-2591-480B-A617-DB185C90D1D2}.Debug|x86.ActiveCfg = Debug|x86
		{F569ABA6-2591-480B-A617-DB185C90D1D2}.Debug|x86.Build.0 = Debug|x86
		{F569ABA6-2591-480B-A617-DB185C90D1D2}.Release|Any CPU.ActiveCfg = Release|x86
		{F569ABA6-2591-480B-A617-DB185C90D1D2}.Release|Mixed Platforms.ActiveCfg = Release|x86
		{F569ABA6-2591-480B-A617-DB185C90D1D2}.Release|Mixed Platforms.Build.0 = Release|x86
		{F569ABA6-2591-480B-A617-DB185C90D1D2}.Release|x86.ActiveCfg = Release|x86
		{F569ABA6-2591-480B-A617-DB185C90D1D2}.Release|x86.Build.0 = Release|x86
		{0BBB595E-4811-408A-89B1-2194025A0D75}.Debug|Any CPU.ActiveCfg = Debug|Any CPU
		{0BBB595E-4811-408A-89B1-2194025A0D75}.Debug|Any CPU.Build.0 = Debug|Any CPU
		{0BBB595E-4811-408A-89B1-2194025A0D75}.Debug|Mixed Platforms.ActiveCfg = Debug|Any CPU
		{0BBB595E-4811-408A-89B1-2194025A0D75}.Debug|Mixed Platforms.Build.0 = Debug|Any CPU
		{0BBB595E-4811-408A-89B1-2194025A0D75}.Debug|x86.ActiveCfg = Debug|Any CPU
		{0BBB595E-4811-408A-89B1-2194025A0D75}.Release|Any CPU.ActiveCfg = Release|Any CPU
		{0BBB595E-4811-408A-89B1-2194025A0D75}.Release|Any CPU.Build.0 = Release|Any CPU
		{0BBB595E-4811-408A-89B1-2194025A0D75}.Release|Mixed Platforms.ActiveCfg = Release|Any CPU
		{0BBB595E-4811-408A-89B1-2194025A0D75}.Release|Mixed Platforms.Build.0 = Release|Any CPU
		{0BBB595E-4811-408A-89B1-2194025A0D75}.Release|x86.ActiveCfg = Release|Any CPU
		{AD7CC34A-AF0B-43E0-B76A-B2958DC6C2D0}.Debug|Any CPU.ActiveCfg = Debug|x86
		{AD7CC34A-AF0B-43E0-B76A-B2958DC6C2D0}.Debug|Mixed Platforms.ActiveCfg = Debug|x86
		{AD7CC34A-AF0B-43E0-B76A-B2958DC6C2D0}.Debug|Mixed Platforms.Build.0 = Debug|x86
		{AD7CC34A-AF0B-43E0-B76A-B2958DC6C2D0}.Debug|x86.ActiveCfg = Debug|x86
		{AD7CC34A-AF0B-43E0-B76A-B2958DC6C2D0}.Debug|x86.Build.0 = Debug|x86
		{AD7CC34A-AF0B-43E0-B76A-B2958DC6C2D0}.Release|Any CPU.ActiveCfg = Release|x86
		{AD7CC34A-AF0B-43E0-B76A-B2958DC6C2D0}.Release|Mixed Platforms.ActiveCfg = Release|x86
		{AD7CC34A-AF0B-43E0-B76A-B2958DC6C2D0}.Release|Mixed Platforms.Build.0 = Release|x86
		{AD7CC34A-AF0B-43E0-B76A-B2958DC6C2D0}.Release|x86.ActiveCfg = Release|x86
		{AD7CC34A-AF0B-43E0-B76A-B2958DC6C2D0}.Release|x86.Build.0 = Release|x86
	EndGlobalSection
	GlobalSection(SolutionProperties) = preSolution
		HideSolutionNode = FALSE
	EndGlobalSection
EndGlobal
